
Microsoft Visual Studio Solution File, Format Version 12.00
# Visual Studio Version 16
VisualStudioVersion = 16.0.31729.503
MinimumVisualStudioVersion = 10.0.40219.1
Project("{FAE04EC0-301F-11D3-BF4B-00C04F79EFBC}") = "PrgL", "PrgL\PrgL.csproj", "{A25D6B79-37F2-43EB-B6BA-471353626B83}"
EndProject
Global
	GlobalSection(SolutionConfigurationPlatforms) = preSolution
		Debug|Any CPU = Debug|Any CPU
		Release|Any CPU = Release|Any CPU
	EndGlobalSection
	GlobalSection(ProjectConfigurationPlatforms) = postSolution
		{A25D6B79-37F2-43EB-B6BA-471353626B83}.Debug|Any CPU.ActiveCfg = Debug|Any CPU
		{A25D6B79-37F2-43EB-B6BA-471353626B83}.Debug|Any CPU.Build.0 = Debug|Any CPU
		{A25D6B79-37F2-43EB-B6BA-471353626B83}.Release|Any CPU.ActiveCfg = Release|Any CPU
		{A25D6B79-37F2-43EB-B6BA-471353626B83}.Release|Any CPU.Build.0 = Release|Any CPU
	EndGlobalSection
	GlobalSection(SolutionProperties) = preSolution
		HideSolutionNode = FALSE
	EndGlobalSection
	GlobalSection(ExtensibilityGlobals) = postSolution
		SolutionGuid = {3DC5BA1B-F6CF-4AF3-A427-F369C41E69B7}
	EndGlobalSection
EndGlobal
